
Microsoft Visual Studio Solution File, Format Version 12.00
# Visual Studio Version 16
VisualStudioVersion = 16.0.30503.244
MinimumVisualStudioVersion = 10.0.40219.1
Project("{9A19103F-16F7-4668-BE54-9A1E7A4F7556}") = "Clase", "Clase\Clase.csproj", "{D1D4C3C6-F966-4B7F-B7F4-44EEDF1C7E75}"
EndProject
Project("{FAE04EC0-301F-11D3-BF4B-00C04F79EFBC}") = "CourseManagment", "CourseManagment\CourseManagment.csproj", "{83D5544F-D7A1-4FC8-BFEC-8F303F0C3A2D}"
EndProject
Project("{9A19103F-16F7-4668-BE54-9A1E7A4F7556}") = "CourseManagment.Domain", "CourseManagment.Domain\CourseManagment.Domain.csproj", "{396C18EF-5685-4007-979B-957EF12A64B5}"
EndProject
Project("{FAE04EC0-301F-11D3-BF4B-00C04F79EFBC}") = "Formulario Profesor", "Formularios\Formulario Profesor.csproj", "{56FD602F-3B4E-4AC9-A5CD-82243456A130}"
EndProject
Project("{FAE04EC0-301F-11D3-BF4B-00C04F79EFBC}") = "Formulario Cliente", "Formulario Cliente\Formulario Cliente.csproj", "{B874E98D-D0C3-4EC3-866E-C2156896C8B7}"
EndProject
Project("{FAE04EC0-301F-11D3-BF4B-00C04F79EFBC}") = "AplicacionWeb", "AplicacionWeb\AplicacionWeb.csproj", "{246B29B7-7672-4EB9-A017-B7C862198A6B}"
EndProject
Project("{FAE04EC0-301F-11D3-BF4B-00C04F79EFBC}") = "CourseManagment.Conceptual", "CourseManagment.Conceptual\CourseManagment.Conceptual.csproj", "{CBD3BD57-D8D7-4987-AF01-E6D8C20D362E}"
EndProject
Global
	GlobalSection(SolutionConfigurationPlatforms) = preSolution
		Debug|Any CPU = Debug|Any CPU
		Release|Any CPU = Release|Any CPU
	EndGlobalSection
	GlobalSection(ProjectConfigurationPlatforms) = postSolution
		{D1D4C3C6-F966-4B7F-B7F4-44EEDF1C7E75}.Debug|Any CPU.ActiveCfg = Debug|Any CPU
		{D1D4C3C6-F966-4B7F-B7F4-44EEDF1C7E75}.Debug|Any CPU.Build.0 = Debug|Any CPU
		{D1D4C3C6-F966-4B7F-B7F4-44EEDF1C7E75}.Release|Any CPU.ActiveCfg = Release|Any CPU
		{D1D4C3C6-F966-4B7F-B7F4-44EEDF1C7E75}.Release|Any CPU.Build.0 = Release|Any CPU
		{83D5544F-D7A1-4FC8-BFEC-8F303F0C3A2D}.Debug|Any CPU.ActiveCfg = Debug|Any CPU
		{83D5544F-D7A1-4FC8-BFEC-8F303F0C3A2D}.Debug|Any CPU.Build.0 = Debug|Any CPU
		{83D5544F-D7A1-4FC8-BFEC-8F303F0C3A2D}.Release|Any CPU.ActiveCfg = Release|Any CPU
		{83D5544F-D7A1-4FC8-BFEC-8F303F0C3A2D}.Release|Any CPU.Build.0 = Release|Any CPU
		{396C18EF-5685-4007-979B-957EF12A64B5}.Debug|Any CPU.ActiveCfg = Debug|Any CPU
		{396C18EF-5685-4007-979B-957EF12A64B5}.Debug|Any CPU.Build.0 = Debug|Any CPU
		{396C18EF-5685-4007-979B-957EF12A64B5}.Release|Any CPU.ActiveCfg = Release|Any CPU
		{396C18EF-5685-4007-979B-957EF12A64B5}.Release|Any CPU.Build.0 = Release|Any CPU
		{56FD602F-3B4E-4AC9-A5CD-82243456A130}.Debug|Any CPU.ActiveCfg = Debug|Any CPU
		{56FD602F-3B4E-4AC9-A5CD-82243456A130}.Debug|Any CPU.Build.0 = Debug|Any CPU
		{56FD602F-3B4E-4AC9-A5CD-82243456A130}.Release|Any CPU.ActiveCfg = Release|Any CPU
		{56FD602F-3B4E-4AC9-A5CD-82243456A130}.Release|Any CPU.Build.0 = Release|Any CPU
		{B874E98D-D0C3-4EC3-866E-C2156896C8B7}.Debug|Any CPU.ActiveCfg = Debug|Any CPU
		{B874E98D-D0C3-4EC3-866E-C2156896C8B7}.Debug|Any CPU.Build.0 = Debug|Any CPU
		{B874E98D-D0C3-4EC3-866E-C2156896C8B7}.Release|Any CPU.ActiveCfg = Release|Any CPU
		{B874E98D-D0C3-4EC3-866E-C2156896C8B7}.Release|Any CPU.Build.0 = Release|Any CPU
		{246B29B7-7672-4EB9-A017-B7C862198A6B}.Debug|Any CPU.ActiveCfg = Debug|Any CPU
		{246B29B7-7672-4EB9-A017-B7C862198A6B}.Debug|Any CPU.Build.0 = Debug|Any CPU
		{246B29B7-7672-4EB9-A017-B7C862198A6B}.Release|Any CPU.ActiveCfg = Release|Any CPU
		{246B29B7-7672-4EB9-A017-B7C862198A6B}.Release|Any CPU.Build.0 = Release|Any CPU
		{CBD3BD57-D8D7-4987-AF01-E6D8C20D362E}.Debug|Any CPU.ActiveCfg = Debug|Any CPU
		{CBD3BD57-D8D7-4987-AF01-E6D8C20D362E}.Debug|Any CPU.Build.0 = Debug|Any CPU
		{CBD3BD57-D8D7-4987-AF01-E6D8C20D362E}.Release|Any CPU.ActiveCfg = Release|Any CPU
		{CBD3BD57-D8D7-4987-AF01-E6D8C20D362E}.Release|Any CPU.Build.0 = Release|Any CPU
	EndGlobalSection
	GlobalSection(SolutionProperties) = preSolution
		HideSolutionNode = FALSE
	EndGlobalSection
	GlobalSection(ExtensibilityGlobals) = postSolution
		SolutionGuid = {EB975E53-95EE-4D07-9007-11B1848D51CB}
	EndGlobalSection
EndGlobal
